// !$*UTF8*$!
{
	archiveVersion = 1;
	classes = {
	};
	objectVersion = 46;
	objects = {

/* Begin PBXBuildFile section */
		66614F681DA2794100AE78E0 /* AppDelegate.swift in Sources */ = {isa = PBXBuildFile; fileRef = 66614F671DA2794100AE78E0 /* AppDelegate.swift */; };
		66614F6A1DA2794100AE78E0 /* ViewController.swift in Sources */ = {isa = PBXBuildFile; fileRef = 66614F691DA2794100AE78E0 /* ViewController.swift */; };
		66614F6D1DA2794100AE78E0 /* Main.storyboard in Resources */ = {isa = PBXBuildFile; fileRef = 66614F6B1DA2794100AE78E0 /* Main.storyboard */; };
		66614F6F1DA2794100AE78E0 /* Assets.xcassets in Resources */ = {isa = PBXBuildFile; fileRef = 66614F6E1DA2794100AE78E0 /* Assets.xcassets */; };
		66614F721DA2794100AE78E0 /* LaunchScreen.storyboard in Resources */ = {isa = PBXBuildFile; fileRef = 66614F701DA2794100AE78E0 /* LaunchScreen.storyboard */; };
/* End PBXBuildFile section */

/* Begin PBXFileReference section */
		66614F641DA2794100AE78E0 /* pickachu.app */ = {isa = PBXFileReference; explicitFileType = wrapper.application; includeInIndex = 0; path = pickachu.app; sourceTree = BUILT_PRODUCTS_DIR; };
		66614F671DA2794100AE78E0 /* AppDelegate.swift */ = {isa = PBXFileReference; lastKnownFileType = sourcecode.swift; path = AppDelegate.swift; sourceTree = "<group>"; };
		66614F691DA2794100AE78E0 /* ViewController.swift */ = {isa = PBXFileReference; lastKnownFileType = sourcecode.swift; path = ViewController.swift; sourceTree = "<group>"; };
		66614F6C1DA2794100AE78E0 /* Base */ = {isa = PBXFileReference; lastKnownFileType = file.storyboard; name = Base; path = Base.lproj/Main.storyboard; sourceTree = "<group>"; };
		66614F6E1DA2794100AE78E0 /* Assets.xcassets */ = {isa = PBXFileReference; lastKnownFileType = folder.assetcatalog; path = Assets.xcassets; sourceTree = "<group>"; };
		66614F711DA2794100AE78E0 /* Base */ = {isa = PBXFileReference; lastKnownFileType = file.storyboard; name = Base; path = Base.lproj/LaunchScreen.storyboard; sourceTree = "<group>"; };
		66614F731DA2794100AE78E0 /* Info.plist */ = {isa = PBXFileReference; lastKnownFileType = text.plist.xml; path = Info.plist; sourceTree = "<group>"; };
/* End PBXFileReference section */

/* Begin PBXFrameworksBuildPhase section */
		66614F611DA2794000AE78E0 /* Frameworks */ = {
			isa = PBXFrameworksBuildPhase;
			buildActionMask = 2147483647;
			files = (
			);
			runOnlyForDeploymentPostprocessing = 0;
		};
/* End PBXFrameworksBuildPhase section */

/* Begin PBXGroup section */
		66614F5B1DA2794000AE78E0 = {
			isa = PBXGroup;
			children = (
				66614F661DA2794100AE78E0 /* pickachu */,
				66614F651DA2794100AE78E0 /* Products */,
			);
			sourceTree = "<group>";
		};
		66614F651DA2794100AE78E0 /* Products */ = {
			isa = PBXGroup;
			children = (
				66614F641DA2794100AE78E0 /* pickachu.app */,
			);
			name = Products;
			sourceTree = "<group>";
		};
		66614F661DA2794100AE78E0 /* pickachu */ = {
			isa = PBXGroup;
			children = (
				66614F671DA2794100AE78E0 /* AppDelegate.swift */,
				66614F691DA2794100AE78E0 /* ViewController.swift */,
				66614F6B1DA2794100AE78E0 /* Main.storyboard */,
				66614F6E1DA2794100AE78E0 /* Assets.xcassets */,
				66614F701DA2794100AE78E0 /* LaunchScreen.storyboard */,
				66614F731DA2794100AE78E0 /* Info.plist */,
			);
			path = pickachu;
			sourceTree = "<group>";
		};
/* End PBXGroup section */

/* Begin PBXNativeTarget section */
		66614F631DA2794000AE78E0 /* pickachu */ = {
			isa = PBXNativeTarget;
			buildConfigurationList = 66614F761DA2794100AE78E0 /* Build configuration list for PBXNativeTarget "pickachu" */;
			buildPhases = (
				66614F601DA2794000AE78E0 /* Sources */,
				66614F611DA2794000AE78E0 /* Frameworks */,
				66614F621DA2794000AE78E0 /* Resources */,
			);
			buildRules = (
			);
			dependencies = (
			);
			name = pickachu;
			productName = pickachu;
			productReference = 66614F641DA2794100AE78E0 /* pickachu.app */;
			productType = "com.apple.product-type.application";
		};
/* End PBXNativeTarget section */

/* Begin PBXProject section */
		66614F5C1DA2794000AE78E0 /* Project object */ = {
			isa = PBXProject;
			attributes = {
				LastSwiftUpdateCheck = 0800;
				LastUpgradeCheck = 0800;
				ORGANIZATIONNAME = PICKACHU;
				TargetAttributes = {
					66614F631DA2794000AE78E0 = {
						CreatedOnToolsVersion = 8.0;
						DevelopmentTeam = UDV7277UZE;
						ProvisioningStyle = Automatic;
					};
				};
			};
			buildConfigurationList = 66614F5F1DA2794000AE78E0 /* Build configuration list for PBXProject "pickachu" */;
			compatibilityVersion = "Xcode 3.2";
			developmentRegion = English;
			hasScannedForEncodings = 0;
			knownRegions = (
				en,
				Base,
			);
			mainGroup = 66614F5B1DA2794000AE78E0;
			productRefGroup = 66614F651DA2794100AE78E0 /* Products */;
			projectDirPath = "";
			projectRoot = "";
			targets = (
				66614F631DA2794000AE78E0 /* pickachu */,
			);
		};
/* End PBXProject section */

/* Begin PBXResourcesBuildPhase section */
		66614F621DA2794000AE78E0 /* Resources */ = {
			isa = PBXResourcesBuildPhase;
			buildActionMask = 2147483647;
			files = (
				66614F721DA2794100AE78E0 /* LaunchScreen.storyboard in Resources */,
				66614F6F1DA2794100AE78E0 /* Assets.xcassets in Resources */,
				66614F6D1DA2794100AE78E0 /* Main.storyboard in Resources */,
			);
			runOnlyForDeploymentPostprocessing = 0;
		};
/* End PBXResourcesBuildPhase section */

/* Begin PBXSourcesBuildPhase section */
		66614F601DA2794000AE78E0 /* Sources */ = {
			isa = PBXSourcesBuildPhase;
			buildActionMask = 2147483647;
			files = (
				66614F6A1DA2794100AE78E0 /* ViewController.swift in Sources */,
				66614F681DA2794100AE78E0 /* AppDelegate.swift in Sources */,
			);
			runOnlyForDeploymentPostprocessing = 0;
		};
/* End PBXSourcesBuildPhase section */

/* Begin PBXVariantGroup section */
		66614F6B1DA2794100AE78E0 /* Main.storyboard */ = {
			isa = PBXVariantGroup;
			children = (
				66614F6C1DA2794100AE78E0 /* Base */,
			);
			name = Main.storyboard;
			sourceTree = "<group>";
		};
		66614F701DA2794100AE78E0 /* LaunchScreen.storyboard */ = {
			isa = PBXVariantGroup;
			children = (
				66614F711DA2794100AE78E0 /* Base */,
			);
			name = LaunchScreen.storyboard;
			sourceTree = "<group>";
		};
/* End PBXVariantGroup section */

/* Begin XCBuildConfiguration section */
		66614F741DA2794100AE78E0 /* Debug */ = {
			isa = XCBuildConfiguration;
			buildSettings = {
				ALWAYS_SEARCH_USER_PATHS = NO;
				CLANG_ANALYZER_NONNULL = YES;
				CLANG_CXX_LANGUAGE_STANDARD = "gnu++0x";
				CLANG_CXX_LIBRARY = "libc++";
				CLANG_ENABLE_MODULES = YES;
				CLANG_ENABLE_OBJC_ARC = YES;
				CLANG_WARN_BOOL_CONVERSION = YES;
				CLANG_WARN_CONSTANT_CONVERSION = YES;
				CLANG_WARN_DIRECT_OBJC_ISA_USAGE = YES_ERROR;
				CLANG_WARN_DOCUMENTATION_COMMENTS = YES;
				CLANG_WARN_EMPTY_BODY = YES;
				CLANG_WARN_ENUM_CONVERSION = YES;
				CLANG_WARN_INFINITE_RECURSION = YES;
				CLANG_WARN_INT_CONVERSION = YES;
				CLANG_WARN_OBJC_ROOT_CLASS = YES_ERROR;
				CLANG_WARN_SUSPICIOUS_MOVES = YES;
				CLANG_WARN_UNREACHABLE_CODE = YES;
				CLANG_WARN__DUPLICATE_METHOD_MATCH = YES;
				"CODE_SIGN_IDENTITY[sdk=iphoneos*]" = "iPhone Developer";
				COPY_PHASE_STRIP = NO;
				DEBUG_INFORMATION_FORMAT = dwarf;
				ENABLE_STRICT_OBJC_MSGSEND = YES;
				ENABLE_TESTABILITY = YES;
				GCC_C_LANGUAGE_STANDARD = gnu99;
				GCC_DYNAMIC_NO_PIC = NO;
				GCC_NO_COMMON_BLOCKS = YES;
				GCC_OPTIMIZATION_LEVEL = 0;
				GCC_PREPROCESSOR_DEFINITIONS = (
					"DEBUG=1",
					"$(inherited)",
				);
				GCC_WARN_64_TO_32_BIT_CONVERSION = YES;
				GCC_WARN_ABOUT_RETURN_TYPE = YES_ERROR;
				GCC_WARN_UNDECLARED_SELECTOR = YES;
				GCC_WARN_UNINITIALIZED_AUTOS = YES_AGGRESSIVE;
				GCC_WARN_UNUSED_FUNCTION = YES;
				GCC_WARN_UNUSED_VARIABLE = YES;
				IPHONEOS_DEPLOYMENT_TARGET = 10.0;
				MTL_ENABLE_DEBUG_INFO = YES;
				ONLY_ACTIVE_ARCH = YES;
				SDKROOT = iphoneos;
				SWIFT_ACTIVE_COMPILATION_CONDITIONS = DEBUG;
				SWIFT_OPTIMIZATION_LEVEL = "-Onone";
			};
			name = Debug;
		};
		66614F751DA2794100AE78E0 /* Release */ = {
			isa = XCBuildConfiguration;
			buildSettings = {
				ALWAYS_SEARCH_USER_PATHS = NO;
				CLANG_ANALYZER_NONNULL = YES;
				CLANG_CXX_LANGUAGE_STANDARD = "gnu++0x";
				CLANG_CXX_LIBRARY = "libc++";
				CLANG_ENABLE_MODULES = YES;
				CLANG_ENABLE_OBJC_ARC = YES;
				CLANG_WARN_BOOL_CONVERSION = YES;
				CLANG_WARN_CONSTANT_CONVERSION = YES;
				CLANG_WARN_DIRECT_OBJC_ISA_USAGE = YES_ERROR;
				CLANG_WARN_DOCUMENTATION_COMMENTS = YES;
				CLANG_WARN_EMPTY_BODY = YES;
				CLANG_WARN_ENUM_CONVERSION = YES;
				CLANG_WARN_INFINITE_RECURSION = YES;
				CLANG_WARN_INT_CONVERSION = YES;
				CLANG_WARN_OBJC_ROOT_CLASS = YES_ERROR;
				CLANG_WARN_SUSPICIOUS_MOVES = YES;
				CLANG_WARN_UNREACHABLE_CODE = YES;
				CLANG_WARN__DUPLICATE_METHOD_MATCH = YES;
				"CODE_SIGN_IDENTITY[sdk=iphoneos*]" = "iPhone Developer";
				COPY_PHASE_STRIP = NO;
				DEBUG_INFORMATION_FORMAT = "dwarf-with-dsym";
				ENABLE_NS_ASSERTIONS = NO;
				ENABLE_STRICT_OBJC_MSGSEND = YES;
				GCC_C_LANGUAGE_STANDARD = gnu99;
				GCC_NO_COMMON_BLOCKS = YES;
				GCC_WARN_64_TO_32_BIT_CONVERSION = YES;
				GCC_WARN_ABOUT_RETURN_TYPE = YES_ERROR;
				GCC_WARN_UNDECLARED_SELECTOR = YES;
				GCC_WARN_UNINITIALIZED_AUTOS = YES_AGGRESSIVE;
				GCC_WARN_UNUSED_FUNCTION = YES;
				GCC_WARN_UNUSED_VARIABLE = YES;
				IPHONEOS_DEPLOYMENT_TARGET = 10.0;
				MTL_ENABLE_DEBUG_INFO = NO;
				SDKROOT = iphoneos;
				SWIFT_OPTIMIZATION_LEVEL = "-Owholemodule";
				VALIDATE_PRODUCT = YES;
			};
			name = Release;
		};
		66614F771DA2794100AE78E0 /* Debug */ = {
			isa = XCBuildConfiguration;
			buildSettings = {
				ASSETCATALOG_COMPILER_APPICON_NAME = AppIcon;
				DEVELOPMENT_TEAM = UDV7277UZE;
				INFOPLIST_FILE = pickachu/Info.plist;
				LD_RUNPATH_SEARCH_PATHS = "$(inherited) @executable_path/Frameworks";
				PRODUCT_BUNDLE_IDENTIFIER = com.pickachu.pickachu;
				PRODUCT_NAME = "$(TARGET_NAME)";
				SWIFT_VERSION = 3.0;
				TARGETED_DEVICE_FAMILY = 1;
			};
			name = Debug;
		};
		66614F781DA2794100AE78E0 /* Release */ = {
			isa = XCBuildConfiguration;
			buildSettings = {
				ASSETCATALOG_COMPILER_APPICON_NAME = AppIcon;
				DEVELOPMENT_TEAM = UDV7277UZE;
				INFOPLIST_FILE = pickachu/Info.plist;
				LD_RUNPATH_SEARCH_PATHS = "$(inherited) @executable_path/Frameworks";
				PRODUCT_BUNDLE_IDENTIFIER = com.pickachu.pickachu;
				PRODUCT_NAME = "$(TARGET_NAME)";
				SWIFT_VERSION = 3.0;
				TARGETED_DEVICE_FAMILY = 1;
			};
			name = Release;
		};
/* End XCBuildConfiguration section */

/* Begin XCConfigurationList section */
		66614F5F1DA2794000AE78E0 /* Build configuration list for PBXProject "pickachu" */ = {
			isa = XCConfigurationList;
			buildConfigurations = (
				66614F741DA2794100AE78E0 /* Debug */,
				66614F751DA2794100AE78E0 /* Release */,
			);
			defaultConfigurationIsVisible = 0;
			defaultConfigurationName = Release;
		};
		66614F761DA2794100AE78E0 /* Build configuration list for PBXNativeTarget "pickachu" */ = {
			isa = XCConfigurationList;
			buildConfigurations = (
				66614F771DA2794100AE78E0 /* Debug */,
				66614F781DA2794100AE78E0 /* Release */,
			);
			defaultConfigurationIsVisible = 0;
			defaultConfigurationName = Release;
		};
/* End XCConfigurationList section */
	};
	rootObject = 66614F5C1DA2794000AE78E0 /* Project object */;
}
